{
  "name": "kee-conn-smartlead",
  "version": "1.0.0",
  "lockfileVersion": 3,
  "requires": true,
  "packages": {
    "": {
      "name": "kee-conn-smartlead",
      "version": "1.0.0",
      "dependencies": {
        "@keemakr/operator-sdk": "^0.2.0",
        "zod": "^4.4.3"
      }
    },
    "node_modules/@keemakr/operator-sdk": {
      "version": "0.2.0",
      "resolved": "https://registry.npmjs.org/@keemakr/operator-sdk/-/operator-sdk-0.2.0.tgz",
      "integrity": "sha512-t8alcVTxnzdmlKqq7q1wF464F9Xx7Y7PbyClTopQvR2yDQ7Ozv54WZpQrYs5Y0FzmIOQxtcJyxsjudPheuXT2A==",
      "license": "MIT",
      "peerDependencies": {
        "zod": "^4.4.3"
      },
      "peerDependenciesMeta": {
        "zod": {
          "optional": true
        }
      }
    },
    "node_modules/zod": {
      "version": "4.4.3",
      "resolved": "https://registry.npmjs.org/zod/-/zod-4.4.3.tgz",
      "integrity": "sha512-ytENFjIJFl2UwYglde2jchW2Hwm4GJFLDiSXWdTrJQBIN9Fcyp7n4DhxJEiWNAJMV1/BqWfW/kkg71UDcHJyTQ==",
      "license": "MIT",
      "funding": {
        "url": "https://github.com/sponsors/colinhacks"
      }
    }
  }
}
